// !$*UTF8*$!
{
	archiveVersion = 1;
	classes = {
	};
	objectVersion = 50;
	objects = {

/* Begin PBXBuildFile section */
		B07F103921CE0F1E00CE2943 /* Rarity.swift in Sources */ = {isa = PBXBuildFile; fileRef = B07F103821CE0F1E00CE2943 /* Rarity.swift */; };
		B07F103C21CE128B00CE2943 /* Rarities.swift in Sources */ = {isa = PBXBuildFile; fileRef = B07F103B21CE128B00CE2943 /* Rarities.swift */; };
		B07F103E21D019BC00CE2943 /* RarityList.swift in Sources */ = {isa = PBXBuildFile; fileRef = B07F103D21D019BC00CE2943 /* RarityList.swift */; };
		B0BEF1C721C5D1F60006C132 /* AppDelegate.swift in Sources */ = {isa = PBXBuildFile; fileRef = B0BEF1C621C5D1F60006C132 /* AppDelegate.swift */; };
		B0BEF1C921C5D1F60006C132 /* GameScene.sks in Resources */ = {isa = PBXBuildFile; fileRef = B0BEF1C821C5D1F60006C132 /* GameScene.sks */; };
		B0BEF1CB21C5D1F60006C132 /* Actions.sks in Resources */ = {isa = PBXBuildFile; fileRef = B0BEF1CA21C5D1F60006C132 /* Actions.sks */; };
		B0BEF1CD21C5D1F60006C132 /* GameScene.swift in Sources */ = {isa = PBXBuildFile; fileRef = B0BEF1CC21C5D1F60006C132 /* GameScene.swift */; };
		B0BEF1CF21C5D1F60006C132 /* ViewController.swift in Sources */ = {isa = PBXBuildFile; fileRef = B0BEF1CE21C5D1F60006C132 /* ViewController.swift */; };
		B0BEF1D121C5D1F80006C132 /* Assets.xcassets in Resources */ = {isa = PBXBuildFile; fileRef = B0BEF1D021C5D1F80006C132 /* Assets.xcassets */; };
		B0BEF1D421C5D1F80006C132 /* Main.storyboard in Resources */ = {isa = PBXBuildFile; fileRef = B0BEF1D221C5D1F80006C132 /* Main.storyboard */; };
/* End PBXBuildFile section */

/* Begin PBXFileReference section */
		B07F103821CE0F1E00CE2943 /* Rarity.swift */ = {isa = PBXFileReference; lastKnownFileType = sourcecode.swift; path = Rarity.swift; sourceTree = "<group>"; };
		B07F103B21CE128B00CE2943 /* Rarities.swift */ = {isa = PBXFileReference; lastKnownFileType = sourcecode.swift; path = Rarities.swift; sourceTree = "<group>"; };
		B07F103D21D019BC00CE2943 /* RarityList.swift */ = {isa = PBXFileReference; lastKnownFileType = sourcecode.swift; path = RarityList.swift; sourceTree = "<group>"; };
		B0BEF1C321C5D1F60006C132 /* Crypt.app */ = {isa = PBXFileReference; explicitFileType = wrapper.application; includeInIndex = 0; path = Crypt.app; sourceTree = BUILT_PRODUCTS_DIR; };
		B0BEF1C621C5D1F60006C132 /* AppDelegate.swift */ = {isa = PBXFileReference; lastKnownFileType = sourcecode.swift; path = AppDelegate.swift; sourceTree = "<group>"; };
		B0BEF1C821C5D1F60006C132 /* GameScene.sks */ = {isa = PBXFileReference; lastKnownFileType = file.sks; path = GameScene.sks; sourceTree = "<group>"; };
		B0BEF1CA21C5D1F60006C132 /* Actions.sks */ = {isa = PBXFileReference; lastKnownFileType = file.sks; path = Actions.sks; sourceTree = "<group>"; };
		B0BEF1CC21C5D1F60006C132 /* GameScene.swift */ = {isa = PBXFileReference; lastKnownFileType = sourcecode.swift; path = GameScene.swift; sourceTree = "<group>"; };
		B0BEF1CE21C5D1F60006C132 /* ViewController.swift */ = {isa = PBXFileReference; lastKnownFileType = sourcecode.swift; path = ViewController.swift; sourceTree = "<group>"; };
		B0BEF1D021C5D1F80006C132 /* Assets.xcassets */ = {isa = PBXFileReference; lastKnownFileType = folder.assetcatalog; path = Assets.xcassets; sourceTree = "<group>"; };
		B0BEF1D321C5D1F80006C132 /* Base */ = {isa = PBXFileReference; lastKnownFileType = file.storyboard; name = Base; path = Base.lproj/Main.storyboard; sourceTree = "<group>"; };
		B0BEF1D521C5D1F80006C132 /* Info.plist */ = {isa = PBXFileReference; lastKnownFileType = text.plist.xml; path = Info.plist; sourceTree = "<group>"; };
		B0BEF1D621C5D1F80006C132 /* Crypt.entitlements */ = {isa = PBXFileReference; lastKnownFileType = text.plist.entitlements; path = Crypt.entitlements; sourceTree = "<group>"; };
/* End PBXFileReference section */

/* Begin PBXFrameworksBuildPhase section */
		B0BEF1C021C5D1F60006C132 /* Frameworks */ = {
			isa = PBXFrameworksBuildPhase;
			buildActionMask = 2147483647;
			files = (
			);
			runOnlyForDeploymentPostprocessing = 0;
		};
/* End PBXFrameworksBuildPhase section */

/* Begin PBXGroup section */
		B07F103421CE0E7F00CE2943 /* Models */ = {
			isa = PBXGroup;
			children = (
				B07F103A21CE0FD800CE2943 /* Rarity */,
			);
			path = Models;
			sourceTree = "<group>";
		};
		B07F103A21CE0FD800CE2943 /* Rarity */ = {
			isa = PBXGroup;
			children = (
				B07F103821CE0F1E00CE2943 /* Rarity.swift */,
				B07F103B21CE128B00CE2943 /* Rarities.swift */,
				B07F103D21D019BC00CE2943 /* RarityList.swift */,
			);
			path = Rarity;
			sourceTree = "<group>";
		};
		B0BEF1BA21C5D1F60006C132 = {
			isa = PBXGroup;
			children = (
				B0BEF1C521C5D1F60006C132 /* Crypt */,
				B0BEF1C421C5D1F60006C132 /* Products */,
			);
			sourceTree = "<group>";
		};
		B0BEF1C421C5D1F60006C132 /* Products */ = {
			isa = PBXGroup;
			children = (
				B0BEF1C321C5D1F60006C132 /* Crypt.app */,
			);
			name = Products;
			sourceTree = "<group>";
		};
		B0BEF1C521C5D1F60006C132 /* Crypt */ = {
			isa = PBXGroup;
			children = (
				B07F103421CE0E7F00CE2943 /* Models */,
				B0BEF1C621C5D1F60006C132 /* AppDelegate.swift */,
				B0BEF1C821C5D1F60006C132 /* GameScene.sks */,
				B0BEF1CA21C5D1F60006C132 /* Actions.sks */,
				B0BEF1CC21C5D1F60006C132 /* GameScene.swift */,
				B0BEF1CE21C5D1F60006C132 /* ViewController.swift */,
				B0BEF1D021C5D1F80006C132 /* Assets.xcassets */,
				B0BEF1D221C5D1F80006C132 /* Main.storyboard */,
				B0BEF1D521C5D1F80006C132 /* Info.plist */,
				B0BEF1D621C5D1F80006C132 /* Crypt.entitlements */,
			);
			path = Crypt;
			sourceTree = "<group>";
		};
/* End PBXGroup section */

/* Begin PBXNativeTarget section */
		B0BEF1C221C5D1F60006C132 /* Crypt */ = {
			isa = PBXNativeTarget;
			buildConfigurationList = B0BEF1D921C5D1F80006C132 /* Build configuration list for PBXNativeTarget "Crypt" */;
			buildPhases = (
				B0BEF1BF21C5D1F60006C132 /* Sources */,
				B0BEF1C021C5D1F60006C132 /* Frameworks */,
				B0BEF1C121C5D1F60006C132 /* Resources */,
			);
			buildRules = (
			);
			dependencies = (
			);
			name = Crypt;
			productName = Crypt;
			productReference = B0BEF1C321C5D1F60006C132 /* Crypt.app */;
			productType = "com.apple.product-type.application";
		};
/* End PBXNativeTarget section */

/* Begin PBXProject section */
		B0BEF1BB21C5D1F60006C132 /* Project object */ = {
			isa = PBXProject;
			attributes = {
				LastSwiftUpdateCheck = 1010;
				LastUpgradeCheck = 1010;
				ORGANIZATIONNAME = "Dylan Rothfeld";
				TargetAttributes = {
					B0BEF1C221C5D1F60006C132 = {
						CreatedOnToolsVersion = 10.1;
					};
				};
			};
			buildConfigurationList = B0BEF1BE21C5D1F60006C132 /* Build configuration list for PBXProject "Crypt" */;
			compatibilityVersion = "Xcode 9.3";
			developmentRegion = en;
			hasScannedForEncodings = 0;
			knownRegions = (
				en,
				Base,
			);
			mainGroup = B0BEF1BA21C5D1F60006C132;
			productRefGroup = B0BEF1C421C5D1F60006C132 /* Products */;
			projectDirPath = "";
			projectRoot = "";
			targets = (
				B0BEF1C221C5D1F60006C132 /* Crypt */,
			);
		};
/* End PBXProject section */

/* Begin PBXResourcesBuildPhase section */
		B0BEF1C121C5D1F60006C132 /* Resources */ = {
			isa = PBXResourcesBuildPhase;
			buildActionMask = 2147483647;
			files = (
				B0BEF1C921C5D1F60006C132 /* GameScene.sks in Resources */,
				B0BEF1D121C5D1F80006C132 /* Assets.xcassets in Resources */,
				B0BEF1CB21C5D1F60006C132 /* Actions.sks in Resources */,
				B0BEF1D421C5D1F80006C132 /* Main.storyboard in Resources */,
			);
			runOnlyForDeploymentPostprocessing = 0;
		};
/* End PBXResourcesBuildPhase section */

/* Begin PBXSourcesBuildPhase section */
		B0BEF1BF21C5D1F60006C132 /* Sources */ = {
			isa = PBXSourcesBuildPhase;
			buildActionMask = 2147483647;
			files = (
				B07F103E21D019BC00CE2943 /* RarityList.swift in Sources */,
				B07F103C21CE128B00CE2943 /* Rarities.swift in Sources */,
				B0BEF1CF21C5D1F60006C132 /* ViewController.swift in Sources */,
				B0BEF1CD21C5D1F60006C132 /* GameScene.swift in Sources */,
				B07F103921CE0F1E00CE2943 /* Rarity.swift in Sources */,
				B0BEF1C721C5D1F60006C132 /* AppDelegate.swift in Sources */,
			);
			runOnlyForDeploymentPostprocessing = 0;
		};
/* End PBXSourcesBuildPhase section */

/* Begin PBXVariantGroup section */
		B0BEF1D221C5D1F80006C132 /* Main.storyboard */ = {
			isa = PBXVariantGroup;
			children = (
				B0BEF1D321C5D1F80006C132 /* Base */,
			);
			name = Main.storyboard;
			sourceTree = "<group>";
		};
/* End PBXVariantGroup section */

/* Begin XCBuildConfiguration section */
		B0BEF1D721C5D1F80006C132 /* Debug */ = {
			isa = XCBuildConfiguration;
			buildSettings = {
				ALWAYS_SEARCH_USER_PATHS = NO;
				CLANG_ANALYZER_NONNULL = YES;
				CLANG_ANALYZER_NUMBER_OBJECT_CONVERSION = YES_AGGRESSIVE;
				CLANG_CXX_LANGUAGE_STANDARD = "gnu++14";
				CLANG_CXX_LIBRARY = "libc++";
				CLANG_ENABLE_MODULES = YES;
				CLANG_ENABLE_OBJC_ARC = YES;
				CLANG_ENABLE_OBJC_WEAK = YES;
				CLANG_WARN_BLOCK_CAPTURE_AUTORELEASING = YES;
				CLANG_WARN_BOOL_CONVERSION = YES;
				CLANG_WARN_COMMA = YES;
				CLANG_WARN_CONSTANT_CONVERSION = YES;
				CLANG_WARN_DEPRECATED_OBJC_IMPLEMENTATIONS = YES;
				CLANG_WARN_DIRECT_OBJC_ISA_USAGE = YES_ERROR;
				CLANG_WARN_DOCUMENTATION_COMMENTS = YES;
				CLANG_WARN_EMPTY_BODY = YES;
				CLANG_WARN_ENUM_CONVERSION = YES;
				CLANG_WARN_INFINITE_RECURSION = YES;
				CLANG_WARN_INT_CONVERSION = YES;
				CLANG_WARN_NON_LITERAL_NULL_CONVERSION = YES;
				CLANG_WARN_OBJC_IMPLICIT_RETAIN_SELF = YES;
				CLANG_WARN_OBJC_LITERAL_CONVERSION = YES;
				CLANG_WARN_OBJC_ROOT_CLASS = YES_ERROR;
				CLANG_WARN_RANGE_LOOP_ANALYSIS = YES;
				CLANG_WARN_STRICT_PROTOTYPES = YES;
				CLANG_WARN_SUSPICIOUS_MOVE = YES;
				CLANG_WARN_UNGUARDED_AVAILABILITY = YES_AGGRESSIVE;
				CLANG_WARN_UNREACHABLE_CODE = YES;
				CLANG_WARN__DUPLICATE_METHOD_MATCH = YES;
				CODE_SIGN_IDENTITY = "Mac Developer";
				COPY_PHASE_STRIP = NO;
				DEBUG_INFORMATION_FORMAT = dwarf;
				ENABLE_STRICT_OBJC_MSGSEND = YES;
				ENABLE_TESTABILITY = YES;
				GCC_C_LANGUAGE_STANDARD = gnu11;
				GCC_DYNAMIC_NO_PIC = NO;
				GCC_NO_COMMON_BLOCKS = YES;
				GCC_OPTIMIZATION_LEVEL = 0;
				GCC_PREPROCESSOR_DEFINITIONS = (
					"DEBUG=1",
					"$(inherited)",
				);
				GCC_WARN_64_TO_32_BIT_CONVERSION = YES;
				GCC_WARN_ABOUT_RETURN_TYPE = YES_ERROR;
				GCC_WARN_UNDECLARED_SELECTOR = YES;
				GCC_WARN_UNINITIALIZED_AUTOS = YES_AGGRESSIVE;
				GCC_WARN_UNUSED_FUNCTION = YES;
				GCC_WARN_UNUSED_VARIABLE = YES;
				MACOSX_DEPLOYMENT_TARGET = 10.14;
				MTL_ENABLE_DEBUG_INFO = INCLUDE_SOURCE;
				MTL_FAST_MATH = YES;
				ONLY_ACTIVE_ARCH = YES;
				SDKROOT = macosx;
				SWIFT_ACTIVE_COMPILATION_CONDITIONS = DEBUG;
				SWIFT_OPTIMIZATION_LEVEL = "-Onone";
			};
			name = Debug;
		};
		B0BEF1D821C5D1F80006C132 /* Release */ = {
			isa = XCBuildConfiguration;
			buildSettings = {
				ALWAYS_SEARCH_USER_PATHS = NO;
				CLANG_ANALYZER_NONNULL = YES;
				CLANG_ANALYZER_NUMBER_OBJECT_CONVERSION = YES_AGGRESSIVE;
				CLANG_CXX_LANGUAGE_STANDARD = "gnu++14";
				CLANG_CXX_LIBRARY = "libc++";
				CLANG_ENABLE_MODULES = YES;
				CLANG_ENABLE_OBJC_ARC = YES;
				CLANG_ENABLE_OBJC_WEAK = YES;
				CLANG_WARN_BLOCK_CAPTURE_AUTORELEASING = YES;
				CLANG_WARN_BOOL_CONVERSION = YES;
				CLANG_WARN_COMMA = YES;
				CLANG_WARN_CONSTANT_CONVERSION = YES;
				CLANG_WARN_DEPRECATED_OBJC_IMPLEMENTATIONS = YES;
				CLANG_WARN_DIRECT_OBJC_ISA_USAGE = YES_ERROR;
				CLANG_WARN_DOCUMENTATION_COMMENTS = YES;
				CLANG_WARN_EMPTY_BODY = YES;
				CLANG_WARN_ENUM_CONVERSION = YES;
				CLANG_WARN_INFINITE_RECURSION = YES;
				CLANG_WARN_INT_CONVERSION = YES;
				CLANG_WARN_NON_LITERAL_NULL_CONVERSION = YES;
				CLANG_WARN_OBJC_IMPLICIT_RETAIN_SELF = YES;
				CLANG_WARN_OBJC_LITERAL_CONVERSION = YES;
				CLANG_WARN_OBJC_ROOT_CLASS = YES_ERROR;
				CLANG_WARN_RANGE_LOOP_ANALYSIS = YES;
				CLANG_WARN_STRICT_PROTOTYPES = YES;
				CLANG_WARN_SUSPICIOUS_MOVE = YES;
				CLANG_WARN_UNGUARDED_AVAILABILITY = YES_AGGRESSIVE;
				CLANG_WARN_UNREACHABLE_CODE = YES;
				CLANG_WARN__DUPLICATE_METHOD_MATCH = YES;
				CODE_SIGN_IDENTITY = "Mac Developer";
				COPY_PHASE_STRIP = NO;
				DEBUG_INFORMATION_FORMAT = "dwarf-with-dsym";
				ENABLE_NS_ASSERTIONS = NO;
				ENABLE_STRICT_OBJC_MSGSEND = YES;
				GCC_C_LANGUAGE_STANDARD = gnu11;
				GCC_NO_COMMON_BLOCKS = YES;
				GCC_WARN_64_TO_32_BIT_CONVERSION = YES;
				GCC_WARN_ABOUT_RETURN_TYPE = YES_ERROR;
				GCC_WARN_UNDECLARED_SELECTOR = YES;
				GCC_WARN_UNINITIALIZED_AUTOS = YES_AGGRESSIVE;
				GCC_WARN_UNUSED_FUNCTION = YES;
				GCC_WARN_UNUSED_VARIABLE = YES;
				MACOSX_DEPLOYMENT_TARGET = 10.14;
				MTL_ENABLE_DEBUG_INFO = NO;
				MTL_FAST_MATH = YES;
				SDKROOT = macosx;
				SWIFT_COMPILATION_MODE = wholemodule;
				SWIFT_OPTIMIZATION_LEVEL = "-O";
			};
			name = Release;
		};
		B0BEF1DA21C5D1F80006C132 /* Debug */ = {
			isa = XCBuildConfiguration;
			buildSettings = {
				ASSETCATALOG_COMPILER_APPICON_NAME = AppIcon;
				CODE_SIGN_ENTITLEMENTS = Crypt/Crypt.entitlements;
				CODE_SIGN_IDENTITY = "Mac Developer";
				CODE_SIGN_STYLE = Automatic;
				COMBINE_HIDPI_IMAGES = YES;
				DEVELOPMENT_TEAM = X984X22XTP;
				INFOPLIST_FILE = Crypt/Info.plist;
				LD_RUNPATH_SEARCH_PATHS = (
					"$(inherited)",
					"@executable_path/../Frameworks",
				);
				PRODUCT_BUNDLE_IDENTIFIER = drothfeld.Crypt;
				PRODUCT_NAME = "$(TARGET_NAME)";
				PROVISIONING_PROFILE_SPECIFIER = "";
				SWIFT_VERSION = 4.2;
			};
			name = Debug;
		};
		B0BEF1DB21C5D1F80006C132 /* Release */ = {
			isa = XCBuildConfiguration;
			buildSettings = {
				ASSETCATALOG_COMPILER_APPICON_NAME = AppIcon;
				CODE_SIGN_ENTITLEMENTS = Crypt/Crypt.entitlements;
				CODE_SIGN_IDENTITY = "Mac Developer";
				CODE_SIGN_STYLE = Automatic;
				COMBINE_HIDPI_IMAGES = YES;
				DEVELOPMENT_TEAM = X984X22XTP;
				INFOPLIST_FILE = Crypt/Info.plist;
				LD_RUNPATH_SEARCH_PATHS = (
					"$(inherited)",
					"@executable_path/../Frameworks",
				);
				PRODUCT_BUNDLE_IDENTIFIER = drothfeld.Crypt;
				PRODUCT_NAME = "$(TARGET_NAME)";
				PROVISIONING_PROFILE_SPECIFIER = "";
				SWIFT_VERSION = 4.2;
			};
			name = Release;
		};
/* End XCBuildConfiguration section */

/* Begin XCConfigurationList section */
		B0BEF1BE21C5D1F60006C132 /* Build configuration list for PBXProject "Crypt" */ = {
			isa = XCConfigurationList;
			buildConfigurations = (
				B0BEF1D721C5D1F80006C132 /* Debug */,
				B0BEF1D821C5D1F80006C132 /* Release */,
			);
			defaultConfigurationIsVisible = 0;
			defaultConfigurationName = Release;
		};
		B0BEF1D921C5D1F80006C132 /* Build configuration list for PBXNativeTarget "Crypt" */ = {
			isa = XCConfigurationList;
			buildConfigurations = (
				B0BEF1DA21C5D1F80006C132 /* Debug */,
				B0BEF1DB21C5D1F80006C132 /* Release */,
			);
			defaultConfigurationIsVisible = 0;
			defaultConfigurationName = Release;
		};
/* End XCConfigurationList section */
	};
	rootObject = B0BEF1BB21C5D1F60006C132 /* Project object */;
}
