// !$*UTF8*$!
{
	archiveVersion = 1;
	classes = {
	};
	objectVersion = 50;
	objects = {

/* Begin PBXBuildFile section */
		B07F103921CE0F1E00CE2943 /* Rarity.swift in Sources */ = {isa = PBXBuildFile; fileRef = B07F103821CE0F1E00CE2943 /* Rarity.swift */; };
		B07F103C21CE128B00CE2943 /* Rarities.swift in Sources */ = {isa = PBXBuildFile; fileRef = B07F103B21CE128B00CE2943 /* Rarities.swift */; };
		B07F103E21D019BC00CE2943 /* RarityList.swift in Sources */ = {isa = PBXBuildFile; fileRef = B07F103D21D019BC00CE2943 /* RarityList.swift */; };
		B07F104721D01C2100CE2943 /* Item.swift in Sources */ = {isa = PBXBuildFile; fileRef = B07F104621D01C2100CE2943 /* Item.swift */; };
		B07F104921D04E6800CE2943 /* Relic.swift in Sources */ = {isa = PBXBuildFile; fileRef = B07F104821D04E6800CE2943 /* Relic.swift */; };
		B07F104C21D054F400CE2943 /* MonsterType.swift in Sources */ = {isa = PBXBuildFile; fileRef = B07F104B21D054F400CE2943 /* MonsterType.swift */; };
		B07F104F21D0571600CE2943 /* DamageType.swift in Sources */ = {isa = PBXBuildFile; fileRef = B07F104E21D0571600CE2943 /* DamageType.swift */; };
		B07F105121D0598500CE2943 /* DefenseType.swift in Sources */ = {isa = PBXBuildFile; fileRef = B07F105021D0598500CE2943 /* DefenseType.swift */; };
		B07F105921D16C4F00CE2943 /* NumberRange.swift in Sources */ = {isa = PBXBuildFile; fileRef = B07F105821D16C4F00CE2943 /* NumberRange.swift */; };
		B07F105B21D1C82900CE2943 /* DamageTypes.swift in Sources */ = {isa = PBXBuildFile; fileRef = B07F105A21D1C82900CE2943 /* DamageTypes.swift */; };
		B07F105D21D1C9A700CE2943 /* DefenseTypes.swift in Sources */ = {isa = PBXBuildFile; fileRef = B07F105C21D1C9A700CE2943 /* DefenseTypes.swift */; };
		B07F106121D2116900CE2943 /* Weapon.swift in Sources */ = {isa = PBXBuildFile; fileRef = B07F106021D2116900CE2943 /* Weapon.swift */; };
		B0BEF1C721C5D1F60006C132 /* AppDelegate.swift in Sources */ = {isa = PBXBuildFile; fileRef = B0BEF1C621C5D1F60006C132 /* AppDelegate.swift */; };
		B0BEF1C921C5D1F60006C132 /* GameScene.sks in Resources */ = {isa = PBXBuildFile; fileRef = B0BEF1C821C5D1F60006C132 /* GameScene.sks */; };
		B0BEF1CB21C5D1F60006C132 /* Actions.sks in Resources */ = {isa = PBXBuildFile; fileRef = B0BEF1CA21C5D1F60006C132 /* Actions.sks */; };
		B0BEF1CD21C5D1F60006C132 /* GameScene.swift in Sources */ = {isa = PBXBuildFile; fileRef = B0BEF1CC21C5D1F60006C132 /* GameScene.swift */; };
		B0BEF1CF21C5D1F60006C132 /* ViewController.swift in Sources */ = {isa = PBXBuildFile; fileRef = B0BEF1CE21C5D1F60006C132 /* ViewController.swift */; };
		B0BEF1D121C5D1F80006C132 /* Assets.xcassets in Resources */ = {isa = PBXBuildFile; fileRef = B0BEF1D021C5D1F80006C132 /* Assets.xcassets */; };
		B0BEF1D421C5D1F80006C132 /* Main.storyboard in Resources */ = {isa = PBXBuildFile; fileRef = B0BEF1D221C5D1F80006C132 /* Main.storyboard */; };
		B0DEF17821D2B2AF004EBCE9 /* Weapons.swift in Sources */ = {isa = PBXBuildFile; fileRef = B0DEF17721D2B2AF004EBCE9 /* Weapons.swift */; };
		B0DEF17A21D2BB9E004EBCE9 /* Monster.swift in Sources */ = {isa = PBXBuildFile; fileRef = B0DEF17921D2BB9E004EBCE9 /* Monster.swift */; };
		B0DEF17C21D429B5004EBCE9 /* Monsters.swift in Sources */ = {isa = PBXBuildFile; fileRef = B0DEF17B21D429B5004EBCE9 /* Monsters.swift */; };
		B0DEF17F21D55A16004EBCE9 /* Character.swift in Sources */ = {isa = PBXBuildFile; fileRef = B0DEF17E21D55A16004EBCE9 /* Character.swift */; };
		B0DEF18221D6B4DB004EBCE9 /* Inventory.swift in Sources */ = {isa = PBXBuildFile; fileRef = B0DEF18121D6B4DB004EBCE9 /* Inventory.swift */; };
		B0DEF18821D98499004EBCE9 /* Gear.swift in Sources */ = {isa = PBXBuildFile; fileRef = B0DEF18721D98499004EBCE9 /* Gear.swift */; };
		B0DEF18C21D9888B004EBCE9 /* Helms.swift in Sources */ = {isa = PBXBuildFile; fileRef = B0DEF18B21D9888B004EBCE9 /* Helms.swift */; };
		B0DEF19021D98B26004EBCE9 /* Shoulders.swift in Sources */ = {isa = PBXBuildFile; fileRef = B0DEF18F21D98B26004EBCE9 /* Shoulders.swift */; };
		B0DEF19221D98C53004EBCE9 /* Chests.swift in Sources */ = {isa = PBXBuildFile; fileRef = B0DEF19121D98C53004EBCE9 /* Chests.swift */; };
		B0DEF19421D98D3C004EBCE9 /* Legs.swift in Sources */ = {isa = PBXBuildFile; fileRef = B0DEF19321D98D3C004EBCE9 /* Legs.swift */; };
		B0DEF19621D98DE6004EBCE9 /* Feet.swift in Sources */ = {isa = PBXBuildFile; fileRef = B0DEF19521D98DE6004EBCE9 /* Feet.swift */; };
		B0DEF19821D98F26004EBCE9 /* Hands.swift in Sources */ = {isa = PBXBuildFile; fileRef = B0DEF19721D98F26004EBCE9 /* Hands.swift */; };
		B0DEF19A21D99029004EBCE9 /* Back.swift in Sources */ = {isa = PBXBuildFile; fileRef = B0DEF19921D99029004EBCE9 /* Back.swift */; };
		B0DEF19C21DB331D004EBCE9 /* Relics.swift in Sources */ = {isa = PBXBuildFile; fileRef = B0DEF19B21DB331D004EBCE9 /* Relics.swift */; };
/* End PBXBuildFile section */

/* Begin PBXFileReference section */
		B07F103821CE0F1E00CE2943 /* Rarity.swift */ = {isa = PBXFileReference; lastKnownFileType = sourcecode.swift; path = Rarity.swift; sourceTree = "<group>"; };
		B07F103B21CE128B00CE2943 /* Rarities.swift */ = {isa = PBXFileReference; lastKnownFileType = sourcecode.swift; path = Rarities.swift; sourceTree = "<group>"; };
		B07F103D21D019BC00CE2943 /* RarityList.swift */ = {isa = PBXFileReference; lastKnownFileType = sourcecode.swift; path = RarityList.swift; sourceTree = "<group>"; };
		B07F104621D01C2100CE2943 /* Item.swift */ = {isa = PBXFileReference; lastKnownFileType = sourcecode.swift; path = Item.swift; sourceTree = "<group>"; };
		B07F104821D04E6800CE2943 /* Relic.swift */ = {isa = PBXFileReference; lastKnownFileType = sourcecode.swift; path = Relic.swift; sourceTree = "<group>"; };
		B07F104B21D054F400CE2943 /* MonsterType.swift */ = {isa = PBXFileReference; lastKnownFileType = sourcecode.swift; path = MonsterType.swift; sourceTree = "<group>"; };
		B07F104E21D0571600CE2943 /* DamageType.swift */ = {isa = PBXFileReference; lastKnownFileType = sourcecode.swift; path = DamageType.swift; sourceTree = "<group>"; };
		B07F105021D0598500CE2943 /* DefenseType.swift */ = {isa = PBXFileReference; lastKnownFileType = sourcecode.swift; path = DefenseType.swift; sourceTree = "<group>"; };
		B07F105821D16C4F00CE2943 /* NumberRange.swift */ = {isa = PBXFileReference; lastKnownFileType = sourcecode.swift; path = NumberRange.swift; sourceTree = "<group>"; };
		B07F105A21D1C82900CE2943 /* DamageTypes.swift */ = {isa = PBXFileReference; lastKnownFileType = sourcecode.swift; path = DamageTypes.swift; sourceTree = "<group>"; };
		B07F105C21D1C9A700CE2943 /* DefenseTypes.swift */ = {isa = PBXFileReference; lastKnownFileType = sourcecode.swift; path = DefenseTypes.swift; sourceTree = "<group>"; };
		B07F106021D2116900CE2943 /* Weapon.swift */ = {isa = PBXFileReference; lastKnownFileType = sourcecode.swift; path = Weapon.swift; sourceTree = "<group>"; };
		B0BEF1C321C5D1F60006C132 /* Crypt.app */ = {isa = PBXFileReference; explicitFileType = wrapper.application; includeInIndex = 0; path = Crypt.app; sourceTree = BUILT_PRODUCTS_DIR; };
		B0BEF1C621C5D1F60006C132 /* AppDelegate.swift */ = {isa = PBXFileReference; lastKnownFileType = sourcecode.swift; path = AppDelegate.swift; sourceTree = "<group>"; };
		B0BEF1C821C5D1F60006C132 /* GameScene.sks */ = {isa = PBXFileReference; lastKnownFileType = file.sks; path = GameScene.sks; sourceTree = "<group>"; };
		B0BEF1CA21C5D1F60006C132 /* Actions.sks */ = {isa = PBXFileReference; lastKnownFileType = file.sks; path = Actions.sks; sourceTree = "<group>"; };
		B0BEF1CC21C5D1F60006C132 /* GameScene.swift */ = {isa = PBXFileReference; lastKnownFileType = sourcecode.swift; path = GameScene.swift; sourceTree = "<group>"; };
		B0BEF1CE21C5D1F60006C132 /* ViewController.swift */ = {isa = PBXFileReference; lastKnownFileType = sourcecode.swift; path = ViewController.swift; sourceTree = "<group>"; };
		B0BEF1D021C5D1F80006C132 /* Assets.xcassets */ = {isa = PBXFileReference; lastKnownFileType = folder.assetcatalog; path = Assets.xcassets; sourceTree = "<group>"; };
		B0BEF1D321C5D1F80006C132 /* Base */ = {isa = PBXFileReference; lastKnownFileType = file.storyboard; name = Base; path = Base.lproj/Main.storyboard; sourceTree = "<group>"; };
		B0BEF1D521C5D1F80006C132 /* Info.plist */ = {isa = PBXFileReference; lastKnownFileType = text.plist.xml; path = Info.plist; sourceTree = "<group>"; };
		B0BEF1D621C5D1F80006C132 /* Crypt.entitlements */ = {isa = PBXFileReference; lastKnownFileType = text.plist.entitlements; path = Crypt.entitlements; sourceTree = "<group>"; };
		B0DEF17721D2B2AF004EBCE9 /* Weapons.swift */ = {isa = PBXFileReference; lastKnownFileType = sourcecode.swift; path = Weapons.swift; sourceTree = "<group>"; };
		B0DEF17921D2BB9E004EBCE9 /* Monster.swift */ = {isa = PBXFileReference; lastKnownFileType = sourcecode.swift; path = Monster.swift; sourceTree = "<group>"; };
		B0DEF17B21D429B5004EBCE9 /* Monsters.swift */ = {isa = PBXFileReference; lastKnownFileType = sourcecode.swift; path = Monsters.swift; sourceTree = "<group>"; };
		B0DEF17E21D55A16004EBCE9 /* Character.swift */ = {isa = PBXFileReference; lastKnownFileType = sourcecode.swift; path = Character.swift; sourceTree = "<group>"; };
		B0DEF18121D6B4DB004EBCE9 /* Inventory.swift */ = {isa = PBXFileReference; lastKnownFileType = sourcecode.swift; path = Inventory.swift; sourceTree = "<group>"; };
		B0DEF18721D98499004EBCE9 /* Gear.swift */ = {isa = PBXFileReference; lastKnownFileType = sourcecode.swift; path = Gear.swift; sourceTree = "<group>"; };
		B0DEF18B21D9888B004EBCE9 /* Helms.swift */ = {isa = PBXFileReference; lastKnownFileType = sourcecode.swift; path = Helms.swift; sourceTree = "<group>"; };
		B0DEF18F21D98B26004EBCE9 /* Shoulders.swift */ = {isa = PBXFileReference; lastKnownFileType = sourcecode.swift; path = Shoulders.swift; sourceTree = "<group>"; };
		B0DEF19121D98C53004EBCE9 /* Chests.swift */ = {isa = PBXFileReference; lastKnownFileType = sourcecode.swift; path = Chests.swift; sourceTree = "<group>"; };
		B0DEF19321D98D3C004EBCE9 /* Legs.swift */ = {isa = PBXFileReference; lastKnownFileType = sourcecode.swift; path = Legs.swift; sourceTree = "<group>"; };
		B0DEF19521D98DE6004EBCE9 /* Feet.swift */ = {isa = PBXFileReference; lastKnownFileType = sourcecode.swift; path = Feet.swift; sourceTree = "<group>"; };
		B0DEF19721D98F26004EBCE9 /* Hands.swift */ = {isa = PBXFileReference; lastKnownFileType = sourcecode.swift; path = Hands.swift; sourceTree = "<group>"; };
		B0DEF19921D99029004EBCE9 /* Back.swift */ = {isa = PBXFileReference; lastKnownFileType = sourcecode.swift; path = Back.swift; sourceTree = "<group>"; };
		B0DEF19B21DB331D004EBCE9 /* Relics.swift */ = {isa = PBXFileReference; lastKnownFileType = sourcecode.swift; path = Relics.swift; sourceTree = "<group>"; };
/* End PBXFileReference section */

/* Begin PBXFrameworksBuildPhase section */
		B0BEF1C021C5D1F60006C132 /* Frameworks */ = {
			isa = PBXFrameworksBuildPhase;
			buildActionMask = 2147483647;
			files = (
			);
			runOnlyForDeploymentPostprocessing = 0;
		};
/* End PBXFrameworksBuildPhase section */

/* Begin PBXGroup section */
		B07F103421CE0E7F00CE2943 /* Models */ = {
			isa = PBXGroup;
			children = (
				B0DEF18021D6B4C4004EBCE9 /* Inventory */,
				B0DEF17D21D55A06004EBCE9 /* Character */,
				B07F104D21D056FC00CE2943 /* Combat */,
				B07F104A21D054D400CE2943 /* Monster */,
				B07F103F21D01B6400CE2943 /* Item */,
				B07F103A21CE0FD800CE2943 /* Rarity */,
			);
			path = Models;
			sourceTree = "<group>";
		};
		B07F103A21CE0FD800CE2943 /* Rarity */ = {
			isa = PBXGroup;
			children = (
				B07F103821CE0F1E00CE2943 /* Rarity.swift */,
				B07F103B21CE128B00CE2943 /* Rarities.swift */,
				B07F103D21D019BC00CE2943 /* RarityList.swift */,
			);
			path = Rarity;
			sourceTree = "<group>";
		};
		B07F103F21D01B6400CE2943 /* Item */ = {
			isa = PBXGroup;
			children = (
				B07F104621D01C2100CE2943 /* Item.swift */,
				B07F104221D01BD000CE2943 /* Tool */,
				B07F104121D01B9500CE2943 /* Relic */,
				B07F104021D01B7E00CE2943 /* Gear */,
				B07F104321D01BFE00CE2943 /* Weapon */,
			);
			path = Item;
			sourceTree = "<group>";
		};
		B07F104021D01B7E00CE2943 /* Gear */ = {
			isa = PBXGroup;
			children = (
				B0DEF18721D98499004EBCE9 /* Gear.swift */,
				B0DEF18B21D9888B004EBCE9 /* Helms.swift */,
				B0DEF18F21D98B26004EBCE9 /* Shoulders.swift */,
				B0DEF19121D98C53004EBCE9 /* Chests.swift */,
				B0DEF19321D98D3C004EBCE9 /* Legs.swift */,
				B0DEF19521D98DE6004EBCE9 /* Feet.swift */,
				B0DEF19721D98F26004EBCE9 /* Hands.swift */,
				B0DEF19921D99029004EBCE9 /* Back.swift */,
			);
			path = Gear;
			sourceTree = "<group>";
		};
		B07F104121D01B9500CE2943 /* Relic */ = {
			isa = PBXGroup;
			children = (
				B07F104821D04E6800CE2943 /* Relic.swift */,
				B0DEF19B21DB331D004EBCE9 /* Relics.swift */,
			);
			path = Relic;
			sourceTree = "<group>";
		};
		B07F104221D01BD000CE2943 /* Tool */ = {
			isa = PBXGroup;
			children = (
			);
			path = Tool;
			sourceTree = "<group>";
		};
		B07F104321D01BFE00CE2943 /* Weapon */ = {
			isa = PBXGroup;
			children = (
				B07F106021D2116900CE2943 /* Weapon.swift */,
				B0DEF17721D2B2AF004EBCE9 /* Weapons.swift */,
			);
			path = Weapon;
			sourceTree = "<group>";
		};
		B07F104A21D054D400CE2943 /* Monster */ = {
			isa = PBXGroup;
			children = (
				B07F104B21D054F400CE2943 /* MonsterType.swift */,
				B0DEF17921D2BB9E004EBCE9 /* Monster.swift */,
				B0DEF17B21D429B5004EBCE9 /* Monsters.swift */,
			);
			path = Monster;
			sourceTree = "<group>";
		};
		B07F104D21D056FC00CE2943 /* Combat */ = {
			isa = PBXGroup;
			children = (
				B07F105E21D1D02D00CE2943 /* Damage Type */,
				B07F105F21D1D03F00CE2943 /* Defense Type */,
				B07F105821D16C4F00CE2943 /* NumberRange.swift */,
			);
			path = Combat;
			sourceTree = "<group>";
		};
		B07F105E21D1D02D00CE2943 /* Damage Type */ = {
			isa = PBXGroup;
			children = (
				B07F104E21D0571600CE2943 /* DamageType.swift */,
				B07F105A21D1C82900CE2943 /* DamageTypes.swift */,
			);
			path = "Damage Type";
			sourceTree = "<group>";
		};
		B07F105F21D1D03F00CE2943 /* Defense Type */ = {
			isa = PBXGroup;
			children = (
				B07F105021D0598500CE2943 /* DefenseType.swift */,
				B07F105C21D1C9A700CE2943 /* DefenseTypes.swift */,
			);
			path = "Defense Type";
			sourceTree = "<group>";
		};
		B0BEF1BA21C5D1F60006C132 = {
			isa = PBXGroup;
			children = (
				B0BEF1C521C5D1F60006C132 /* Crypt */,
				B0BEF1C421C5D1F60006C132 /* Products */,
			);
			sourceTree = "<group>";
		};
		B0BEF1C421C5D1F60006C132 /* Products */ = {
			isa = PBXGroup;
			children = (
				B0BEF1C321C5D1F60006C132 /* Crypt.app */,
			);
			name = Products;
			sourceTree = "<group>";
		};
		B0BEF1C521C5D1F60006C132 /* Crypt */ = {
			isa = PBXGroup;
			children = (
				B07F103421CE0E7F00CE2943 /* Models */,
				B0BEF1C621C5D1F60006C132 /* AppDelegate.swift */,
				B0BEF1C821C5D1F60006C132 /* GameScene.sks */,
				B0BEF1CA21C5D1F60006C132 /* Actions.sks */,
				B0BEF1CC21C5D1F60006C132 /* GameScene.swift */,
				B0BEF1CE21C5D1F60006C132 /* ViewController.swift */,
				B0BEF1D021C5D1F80006C132 /* Assets.xcassets */,
				B0BEF1D221C5D1F80006C132 /* Main.storyboard */,
				B0BEF1D521C5D1F80006C132 /* Info.plist */,
				B0BEF1D621C5D1F80006C132 /* Crypt.entitlements */,
			);
			path = Crypt;
			sourceTree = "<group>";
		};
		B0DEF17D21D55A06004EBCE9 /* Character */ = {
			isa = PBXGroup;
			children = (
				B0DEF17E21D55A16004EBCE9 /* Character.swift */,
			);
			path = Character;
			sourceTree = "<group>";
		};
		B0DEF18021D6B4C4004EBCE9 /* Inventory */ = {
			isa = PBXGroup;
			children = (
				B0DEF18121D6B4DB004EBCE9 /* Inventory.swift */,
			);
			path = Inventory;
			sourceTree = "<group>";
		};
/* End PBXGroup section */

/* Begin PBXNativeTarget section */
		B0BEF1C221C5D1F60006C132 /* Crypt */ = {
			isa = PBXNativeTarget;
			buildConfigurationList = B0BEF1D921C5D1F80006C132 /* Build configuration list for PBXNativeTarget "Crypt" */;
			buildPhases = (
				B0BEF1BF21C5D1F60006C132 /* Sources */,
				B0BEF1C021C5D1F60006C132 /* Frameworks */,
				B0BEF1C121C5D1F60006C132 /* Resources */,
			);
			buildRules = (
			);
			dependencies = (
			);
			name = Crypt;
			productName = Crypt;
			productReference = B0BEF1C321C5D1F60006C132 /* Crypt.app */;
			productType = "com.apple.product-type.application";
		};
/* End PBXNativeTarget section */

/* Begin PBXProject section */
		B0BEF1BB21C5D1F60006C132 /* Project object */ = {
			isa = PBXProject;
			attributes = {
				LastSwiftUpdateCheck = 1010;
				LastUpgradeCheck = 1010;
				ORGANIZATIONNAME = "Dylan Rothfeld";
				TargetAttributes = {
					B0BEF1C221C5D1F60006C132 = {
						CreatedOnToolsVersion = 10.1;
					};
				};
			};
			buildConfigurationList = B0BEF1BE21C5D1F60006C132 /* Build configuration list for PBXProject "Crypt" */;
			compatibilityVersion = "Xcode 9.3";
			developmentRegion = en;
			hasScannedForEncodings = 0;
			knownRegions = (
				en,
				Base,
			);
			mainGroup = B0BEF1BA21C5D1F60006C132;
			productRefGroup = B0BEF1C421C5D1F60006C132 /* Products */;
			projectDirPath = "";
			projectRoot = "";
			targets = (
				B0BEF1C221C5D1F60006C132 /* Crypt */,
			);
		};
/* End PBXProject section */

/* Begin PBXResourcesBuildPhase section */
		B0BEF1C121C5D1F60006C132 /* Resources */ = {
			isa = PBXResourcesBuildPhase;
			buildActionMask = 2147483647;
			files = (
				B0BEF1C921C5D1F60006C132 /* GameScene.sks in Resources */,
				B0BEF1D121C5D1F80006C132 /* Assets.xcassets in Resources */,
				B0BEF1CB21C5D1F60006C132 /* Actions.sks in Resources */,
				B0BEF1D421C5D1F80006C132 /* Main.storyboard in Resources */,
			);
			runOnlyForDeploymentPostprocessing = 0;
		};
/* End PBXResourcesBuildPhase section */

/* Begin PBXSourcesBuildPhase section */
		B0BEF1BF21C5D1F60006C132 /* Sources */ = {
			isa = PBXSourcesBuildPhase;
			buildActionMask = 2147483647;
			files = (
				B07F105121D0598500CE2943 /* DefenseType.swift in Sources */,
				B0DEF19821D98F26004EBCE9 /* Hands.swift in Sources */,
				B0DEF17A21D2BB9E004EBCE9 /* Monster.swift in Sources */,
				B07F104F21D0571600CE2943 /* DamageType.swift in Sources */,
				B0DEF18C21D9888B004EBCE9 /* Helms.swift in Sources */,
				B0DEF19021D98B26004EBCE9 /* Shoulders.swift in Sources */,
				B07F103E21D019BC00CE2943 /* RarityList.swift in Sources */,
				B07F103C21CE128B00CE2943 /* Rarities.swift in Sources */,
				B07F105B21D1C82900CE2943 /* DamageTypes.swift in Sources */,
				B0DEF17821D2B2AF004EBCE9 /* Weapons.swift in Sources */,
				B0DEF19221D98C53004EBCE9 /* Chests.swift in Sources */,
				B0DEF19421D98D3C004EBCE9 /* Legs.swift in Sources */,
				B07F106121D2116900CE2943 /* Weapon.swift in Sources */,
				B0BEF1CF21C5D1F60006C132 /* ViewController.swift in Sources */,
				B0DEF19621D98DE6004EBCE9 /* Feet.swift in Sources */,
				B0BEF1CD21C5D1F60006C132 /* GameScene.swift in Sources */,
				B07F104721D01C2100CE2943 /* Item.swift in Sources */,
				B07F104C21D054F400CE2943 /* MonsterType.swift in Sources */,
				B0DEF18221D6B4DB004EBCE9 /* Inventory.swift in Sources */,
				B07F104921D04E6800CE2943 /* Relic.swift in Sources */,
				B0DEF18821D98499004EBCE9 /* Gear.swift in Sources */,
				B07F103921CE0F1E00CE2943 /* Rarity.swift in Sources */,
				B0DEF17C21D429B5004EBCE9 /* Monsters.swift in Sources */,
				B0DEF19C21DB331D004EBCE9 /* Relics.swift in Sources */,
				B07F105921D16C4F00CE2943 /* NumberRange.swift in Sources */,
				B07F105D21D1C9A700CE2943 /* DefenseTypes.swift in Sources */,
				B0BEF1C721C5D1F60006C132 /* AppDelegate.swift in Sources */,
				B0DEF19A21D99029004EBCE9 /* Back.swift in Sources */,
				B0DEF17F21D55A16004EBCE9 /* Character.swift in Sources */,
			);
			runOnlyForDeploymentPostprocessing = 0;
		};
/* End PBXSourcesBuildPhase section */

/* Begin PBXVariantGroup section */
		B0BEF1D221C5D1F80006C132 /* Main.storyboard */ = {
			isa = PBXVariantGroup;
			children = (
				B0BEF1D321C5D1F80006C132 /* Base */,
			);
			name = Main.storyboard;
			sourceTree = "<group>";
		};
/* End PBXVariantGroup section */

/* Begin XCBuildConfiguration section */
		B0BEF1D721C5D1F80006C132 /* Debug */ = {
			isa = XCBuildConfiguration;
			buildSettings = {
				ALWAYS_SEARCH_USER_PATHS = NO;
				CLANG_ANALYZER_NONNULL = YES;
				CLANG_ANALYZER_NUMBER_OBJECT_CONVERSION = YES_AGGRESSIVE;
				CLANG_CXX_LANGUAGE_STANDARD = "gnu++14";
				CLANG_CXX_LIBRARY = "libc++";
				CLANG_ENABLE_MODULES = YES;
				CLANG_ENABLE_OBJC_ARC = YES;
				CLANG_ENABLE_OBJC_WEAK = YES;
				CLANG_WARN_BLOCK_CAPTURE_AUTORELEASING = YES;
				CLANG_WARN_BOOL_CONVERSION = YES;
				CLANG_WARN_COMMA = YES;
				CLANG_WARN_CONSTANT_CONVERSION = YES;
				CLANG_WARN_DEPRECATED_OBJC_IMPLEMENTATIONS = YES;
				CLANG_WARN_DIRECT_OBJC_ISA_USAGE = YES_ERROR;
				CLANG_WARN_DOCUMENTATION_COMMENTS = YES;
				CLANG_WARN_EMPTY_BODY = YES;
				CLANG_WARN_ENUM_CONVERSION = YES;
				CLANG_WARN_INFINITE_RECURSION = YES;
				CLANG_WARN_INT_CONVERSION = YES;
				CLANG_WARN_NON_LITERAL_NULL_CONVERSION = YES;
				CLANG_WARN_OBJC_IMPLICIT_RETAIN_SELF = YES;
				CLANG_WARN_OBJC_LITERAL_CONVERSION = YES;
				CLANG_WARN_OBJC_ROOT_CLASS = YES_ERROR;
				CLANG_WARN_RANGE_LOOP_ANALYSIS = YES;
				CLANG_WARN_STRICT_PROTOTYPES = YES;
				CLANG_WARN_SUSPICIOUS_MOVE = YES;
				CLANG_WARN_UNGUARDED_AVAILABILITY = YES_AGGRESSIVE;
				CLANG_WARN_UNREACHABLE_CODE = YES;
				CLANG_WARN__DUPLICATE_METHOD_MATCH = YES;
				CODE_SIGN_IDENTITY = "Mac Developer";
				COPY_PHASE_STRIP = NO;
				DEBUG_INFORMATION_FORMAT = dwarf;
				ENABLE_STRICT_OBJC_MSGSEND = YES;
				ENABLE_TESTABILITY = YES;
				GCC_C_LANGUAGE_STANDARD = gnu11;
				GCC_DYNAMIC_NO_PIC = NO;
				GCC_NO_COMMON_BLOCKS = YES;
				GCC_OPTIMIZATION_LEVEL = 0;
				GCC_PREPROCESSOR_DEFINITIONS = (
					"DEBUG=1",
					"$(inherited)",
				);
				GCC_WARN_64_TO_32_BIT_CONVERSION = YES;
				GCC_WARN_ABOUT_RETURN_TYPE = YES_ERROR;
				GCC_WARN_UNDECLARED_SELECTOR = YES;
				GCC_WARN_UNINITIALIZED_AUTOS = YES_AGGRESSIVE;
				GCC_WARN_UNUSED_FUNCTION = YES;
				GCC_WARN_UNUSED_VARIABLE = YES;
				MACOSX_DEPLOYMENT_TARGET = 10.14;
				MTL_ENABLE_DEBUG_INFO = INCLUDE_SOURCE;
				MTL_FAST_MATH = YES;
				ONLY_ACTIVE_ARCH = YES;
				SDKROOT = macosx;
				SWIFT_ACTIVE_COMPILATION_CONDITIONS = DEBUG;
				SWIFT_OPTIMIZATION_LEVEL = "-Onone";
			};
			name = Debug;
		};
		B0BEF1D821C5D1F80006C132 /* Release */ = {
			isa = XCBuildConfiguration;
			buildSettings = {
				ALWAYS_SEARCH_USER_PATHS = NO;
				CLANG_ANALYZER_NONNULL = YES;
				CLANG_ANALYZER_NUMBER_OBJECT_CONVERSION = YES_AGGRESSIVE;
				CLANG_CXX_LANGUAGE_STANDARD = "gnu++14";
				CLANG_CXX_LIBRARY = "libc++";
				CLANG_ENABLE_MODULES = YES;
				CLANG_ENABLE_OBJC_ARC = YES;
				CLANG_ENABLE_OBJC_WEAK = YES;
				CLANG_WARN_BLOCK_CAPTURE_AUTORELEASING = YES;
				CLANG_WARN_BOOL_CONVERSION = YES;
				CLANG_WARN_COMMA = YES;
				CLANG_WARN_CONSTANT_CONVERSION = YES;
				CLANG_WARN_DEPRECATED_OBJC_IMPLEMENTATIONS = YES;
				CLANG_WARN_DIRECT_OBJC_ISA_USAGE = YES_ERROR;
				CLANG_WARN_DOCUMENTATION_COMMENTS = YES;
				CLANG_WARN_EMPTY_BODY = YES;
				CLANG_WARN_ENUM_CONVERSION = YES;
				CLANG_WARN_INFINITE_RECURSION = YES;
				CLANG_WARN_INT_CONVERSION = YES;
				CLANG_WARN_NON_LITERAL_NULL_CONVERSION = YES;
				CLANG_WARN_OBJC_IMPLICIT_RETAIN_SELF = YES;
				CLANG_WARN_OBJC_LITERAL_CONVERSION = YES;
				CLANG_WARN_OBJC_ROOT_CLASS = YES_ERROR;
				CLANG_WARN_RANGE_LOOP_ANALYSIS = YES;
				CLANG_WARN_STRICT_PROTOTYPES = YES;
				CLANG_WARN_SUSPICIOUS_MOVE = YES;
				CLANG_WARN_UNGUARDED_AVAILABILITY = YES_AGGRESSIVE;
				CLANG_WARN_UNREACHABLE_CODE = YES;
				CLANG_WARN__DUPLICATE_METHOD_MATCH = YES;
				CODE_SIGN_IDENTITY = "Mac Developer";
				COPY_PHASE_STRIP = NO;
				DEBUG_INFORMATION_FORMAT = "dwarf-with-dsym";
				ENABLE_NS_ASSERTIONS = NO;
				ENABLE_STRICT_OBJC_MSGSEND = YES;
				GCC_C_LANGUAGE_STANDARD = gnu11;
				GCC_NO_COMMON_BLOCKS = YES;
				GCC_WARN_64_TO_32_BIT_CONVERSION = YES;
				GCC_WARN_ABOUT_RETURN_TYPE = YES_ERROR;
				GCC_WARN_UNDECLARED_SELECTOR = YES;
				GCC_WARN_UNINITIALIZED_AUTOS = YES_AGGRESSIVE;
				GCC_WARN_UNUSED_FUNCTION = YES;
				GCC_WARN_UNUSED_VARIABLE = YES;
				MACOSX_DEPLOYMENT_TARGET = 10.14;
				MTL_ENABLE_DEBUG_INFO = NO;
				MTL_FAST_MATH = YES;
				SDKROOT = macosx;
				SWIFT_COMPILATION_MODE = wholemodule;
				SWIFT_OPTIMIZATION_LEVEL = "-O";
			};
			name = Release;
		};
		B0BEF1DA21C5D1F80006C132 /* Debug */ = {
			isa = XCBuildConfiguration;
			buildSettings = {
				ASSETCATALOG_COMPILER_APPICON_NAME = AppIcon;
				CODE_SIGN_ENTITLEMENTS = Crypt/Crypt.entitlements;
				CODE_SIGN_IDENTITY = "Mac Developer";
				CODE_SIGN_STYLE = Automatic;
				COMBINE_HIDPI_IMAGES = YES;
				DEVELOPMENT_TEAM = X984X22XTP;
				INFOPLIST_FILE = Crypt/Info.plist;
				LD_RUNPATH_SEARCH_PATHS = (
					"$(inherited)",
					"@executable_path/../Frameworks",
				);
				PRODUCT_BUNDLE_IDENTIFIER = drothfeld.Crypt;
				PRODUCT_NAME = "$(TARGET_NAME)";
				PROVISIONING_PROFILE_SPECIFIER = "";
				SWIFT_VERSION = 4.2;
			};
			name = Debug;
		};
		B0BEF1DB21C5D1F80006C132 /* Release */ = {
			isa = XCBuildConfiguration;
			buildSettings = {
				ASSETCATALOG_COMPILER_APPICON_NAME = AppIcon;
				CODE_SIGN_ENTITLEMENTS = Crypt/Crypt.entitlements;
				CODE_SIGN_IDENTITY = "Mac Developer";
				CODE_SIGN_STYLE = Automatic;
				COMBINE_HIDPI_IMAGES = YES;
				DEVELOPMENT_TEAM = X984X22XTP;
				INFOPLIST_FILE = Crypt/Info.plist;
				LD_RUNPATH_SEARCH_PATHS = (
					"$(inherited)",
					"@executable_path/../Frameworks",
				);
				PRODUCT_BUNDLE_IDENTIFIER = drothfeld.Crypt;
				PRODUCT_NAME = "$(TARGET_NAME)";
				PROVISIONING_PROFILE_SPECIFIER = "";
				SWIFT_VERSION = 4.2;
			};
			name = Release;
		};
/* End XCBuildConfiguration section */

/* Begin XCConfigurationList section */
		B0BEF1BE21C5D1F60006C132 /* Build configuration list for PBXProject "Crypt" */ = {
			isa = XCConfigurationList;
			buildConfigurations = (
				B0BEF1D721C5D1F80006C132 /* Debug */,
				B0BEF1D821C5D1F80006C132 /* Release */,
			);
			defaultConfigurationIsVisible = 0;
			defaultConfigurationName = Release;
		};
		B0BEF1D921C5D1F80006C132 /* Build configuration list for PBXNativeTarget "Crypt" */ = {
			isa = XCConfigurationList;
			buildConfigurations = (
				B0BEF1DA21C5D1F80006C132 /* Debug */,
				B0BEF1DB21C5D1F80006C132 /* Release */,
			);
			defaultConfigurationIsVisible = 0;
			defaultConfigurationName = Release;
		};
/* End XCConfigurationList section */
	};
	rootObject = B0BEF1BB21C5D1F60006C132 /* Project object */;
}
